
Microsoft Visual Studio Solution File, Format Version 12.00
# Visual Studio Version 17
VisualStudioVersion = 17.10.35013.160
MinimumVisualStudioVersion = 10.0.40219.1
Project("{FAE04EC0-301F-11D3-BF4B-00C04F79EFBC}") = "CRUDExample", "CRUDExample\CRUDExample.csproj", "{F9838AE8-8AEC-405B-BFCF-19E0A7B9F59E}"
EndProject
Project("{FAE04EC0-301F-11D3-BF4B-00C04F79EFBC}") = "CRUDTests", "CRUDTests\CRUDTests.csproj", "{F8682BCF-81FA-4E91-A934-DD1D547D848B}"
EndProject
Global
	GlobalSection(SolutionConfigurationPlatforms) = preSolution
		Debug|Any CPU = Debug|Any CPU
		Release|Any CPU = Release|Any CPU
	EndGlobalSection
	GlobalSection(ProjectConfigurationPlatforms) = postSolution
		{F9838AE8-8AEC-405B-BFCF-19E0A7B9F59E}.Debug|Any CPU.ActiveCfg = Debug|Any CPU
		{F9838AE8-8AEC-405B-BFCF-19E0A7B9F59E}.Debug|Any CPU.Build.0 = Debug|Any CPU
		{F9838AE8-8AEC-405B-BFCF-19E0A7B9F59E}.Release|Any CPU.ActiveCfg = Release|Any CPU
		{F9838AE8-8AEC-405B-BFCF-19E0A7B9F59E}.Release|Any CPU.Build.0 = Release|Any CPU
		{F8682BCF-81FA-4E91-A934-DD1D547D848B}.Debug|Any CPU.ActiveCfg = Debug|Any CPU
		{F8682BCF-81FA-4E91-A934-DD1D547D848B}.Debug|Any CPU.Build.0 = Debug|Any CPU
		{F8682BCF-81FA-4E91-A934-DD1D547D848B}.Release|Any CPU.ActiveCfg = Release|Any CPU
		{F8682BCF-81FA-4E91-A934-DD1D547D848B}.Release|Any CPU.Build.0 = Release|Any CPU
	EndGlobalSection
	GlobalSection(SolutionProperties) = preSolution
		HideSolutionNode = FALSE
	EndGlobalSection
	GlobalSection(ExtensibilityGlobals) = postSolution
		SolutionGuid = {83F64B18-DF71-49F1-9A55-1FFA67DE98A3}
	EndGlobalSection
EndGlobal
